
Microsoft Visual Studio Solution File, Format Version 12.00
# Visual Studio 2013
VisualStudioVersion = 12.0.30501.0
MinimumVisualStudioVersion = 10.0.40219.1
Project("{FAE04EC0-301F-11D3-BF4B-00C04F79EFBC}") = "GitHub_Sandbox", "GitHub_Sandbox\GitHub_Sandbox.csproj", "{C6AD59BB-A7A0-4ECB-B19B-7A5E1CEEBCC2}"
EndProject
Global
	GlobalSection(SolutionConfigurationPlatforms) = preSolution
		Debug|Any CPU = Debug|Any CPU
		Release|Any CPU = Release|Any CPU
	EndGlobalSection
	GlobalSection(ProjectConfigurationPlatforms) = postSolution
		{C6AD59BB-A7A0-4ECB-B19B-7A5E1CEEBCC2}.Debug|Any CPU.ActiveCfg = Debug|Any CPU
		{C6AD59BB-A7A0-4ECB-B19B-7A5E1CEEBCC2}.Debug|Any CPU.Build.0 = Debug|Any CPU
		{C6AD59BB-A7A0-4ECB-B19B-7A5E1CEEBCC2}.Release|Any CPU.ActiveCfg = Release|Any CPU
		{C6AD59BB-A7A0-4ECB-B19B-7A5E1CEEBCC2}.Release|Any CPU.Build.0 = Release|Any CPU
	EndGlobalSection
	GlobalSection(SolutionProperties) = preSolution
		HideSolutionNode = FALSE
	EndGlobalSection
EndGlobal
